" Generated by vim-plug
" Thu Jan  4 13:17:13 2018
" :source this file in vim to restore the snapshot
" or execute: vim -S snapshot.vim

silent! let g:plugs['Better-CSS-Syntax-for-Vim'].commit = '861d929'
silent! let g:plugs['L9'].commit = 'c822b05'
silent! let g:plugs['Vim-Jinja2-Syntax'].commit = 'f21d99e'
silent! let g:plugs['ale'].commit = 'e43e706'
silent! let g:plugs['autocomplete-flow'].commit = 'f4e1102'
silent! let g:plugs['base16-vim'].commit = 'bc76580'
silent! let g:plugs['ctrlp.vim'].commit = '564176f'
silent! let g:plugs['delimitMate'].commit = '728b57a'
silent! let g:plugs['deoplete.nvim'].commit = 'c4b02eb'
silent! let g:plugs['editorconfig-vim'].commit = '0abb063'
silent! let g:plugs['emmet-vim'].commit = '350f0ba'
silent! let g:plugs['ghcmod-vim'].commit = '1d192d1'
silent! let g:plugs['greplace.vim'].commit = 'a34dff3'
silent! let g:plugs['html5.vim'].commit = 'a7a17c3'
silent! let g:plugs['mathml.vim'].commit = '3c3ffdd'
silent! let g:plugs['neco-ghc'].commit = 'faa033c'
silent! let g:plugs['nerdcommenter'].commit = 'fd61bc7'
silent! let g:plugs['nerdtree'].commit = 'fc14b4f'
silent! let g:plugs['nim.vim'].commit = '8167c50'
silent! let g:plugs['nvim-yarp'].commit = 'b222af8'
silent! let g:plugs['palenight.vim'].commit = '50d8268'
silent! let g:plugs['purescript-vim'].commit = 'ece34d9'
silent! let g:plugs['python-syntax'].commit = '69760cb'
silent! let g:plugs['smartpairs.vim'].commit = '2ef2754'
silent! let g:plugs['supertab'].commit = '40fe711'
silent! let g:plugs['tlib_vim'].commit = 'c96db61'
silent! let g:plugs['treetop.vim'].commit = '9ba73a5'
silent! let g:plugs['vim-addon-mw-utils'].commit = '0c5612f'
silent! let g:plugs['vim-airline'].commit = '6c8d0f5'
silent! let g:plugs['vim-ansible-yaml'].commit = 'a6f92d1'
silent! let g:plugs['vim-coffee-script'].commit = 'de6b632'
silent! let g:plugs['vim-flow'].commit = '4acd33a'
silent! let g:plugs['vim-fugitive'].commit = 'f3ccb0c'
silent! let g:plugs['vim-golang'].commit = 'e6d0c6a'
silent! let g:plugs['vim-graphql'].commit = '1232307'
silent! let g:plugs['vim-haml'].commit = 'd580aa3'
silent! let g:plugs['vim-hug-neovim-rpc'].commit = '6009384'
silent! let g:plugs['vim-javascript'].commit = '7c73d8e'
silent! let g:plugs['vim-json'].commit = '3029554'
silent! let g:plugs['vim-jsx-pretty'].commit = '8e25958'
silent! let g:plugs['vim-less'].commit = '6e818d5'
silent! let g:plugs['vim-markdown'].commit = '10073c3'
silent! let g:plugs['vim-puppet'].commit = '0d8ddd0'
silent! let g:plugs['vim-rails'].commit = 'd8d8151'
silent! let g:plugs['vim-rake'].commit = '82ad455'
silent! let g:plugs['vim-repeat'].commit = '070ee90'
silent! let g:plugs['vim-ruby'].commit = '074200f'
silent! let g:plugs['vim-scala'].commit = '0b909e2'
silent! let g:plugs['vim-slim'].commit = 'b19d372'
silent! let g:plugs['vim-stylus'].commit = '0514757'
silent! let g:plugs['vim-surround'].commit = 'e49d6c2'
silent! let g:plugs['vimproc'].commit = '81f4fa5'

PlugUpdate!

