" Generated by vim-plug
" Tue Jan  7 10:01:10 2020
" :source this file in vim to restore the snapshot
" or execute: vim -S snapshot.vim

silent! let g:plugs['ale'].commit = '4afbf2f'
silent! let g:plugs['coc.nvim'].commit = '0c24d1d'
silent! let g:plugs['ctrlp.vim'].commit = '564176f'
silent! let g:plugs['delimitMate'].commit = '728b57a'
silent! let g:plugs['editorconfig-vim'].commit = '7e5b4a9'
silent! let g:plugs['greplace.vim'].commit = 'a34dff3'
silent! let g:plugs['nerdcommenter'].commit = '24df323'
silent! let g:plugs['nerdtree'].commit = 'ee79ecf'
silent! let g:plugs['palenight.vim'].commit = '139f5b9'
silent! let g:plugs['rainbow'].commit = 'c876f4b'
silent! let g:plugs['smartpairs.vim'].commit = 'dc754c2'
silent! let g:plugs['vim-abolish'].commit = '7e4da6e'
silent! let g:plugs['vim-airline'].commit = 'c1de3d3'
silent! let g:plugs['vim-easymotion'].commit = '83a09a1'
silent! let g:plugs['vim-fugitive'].commit = '4074727'
silent! let g:plugs['vim-gitgutter'].commit = '0946c53'
silent! let g:plugs['vim-jsx-improve'].commit = '16efd12'
silent! let g:plugs['vim-polyglot'].commit = 'e8454d6'
silent! let g:plugs['vim-repeat'].commit = 'c947ad2'
silent! let g:plugs['vim-rooter'].commit = 'eef9813'
silent! let g:plugs['vim-startify'].commit = '05122f0'
silent! let g:plugs['vim-surround'].commit = 'f51a26d'

PlugUpdate!

